// !$*UTF8*$!
{
	archiveVersion = 1;
	classes = {
	};
	objectVersion = 46;
	objects = {

/* Begin PBXBuildFile section */
		1316B6A41E36D18D00390A4C /* sayso.xcdatamodeld in Sources */ = {isa = PBXBuildFile; fileRef = 1316B6A21E36D18D00390A4C /* sayso.xcdatamodeld */; };
		1316B6B91E36D88B00390A4C /* SSIActivityFactory.m in Sources */ = {isa = PBXBuildFile; fileRef = 1316B6B81E36D88B00390A4C /* SSIActivityFactory.m */; };
		1322FBFF1E383121008AEC74 /* SSIActivityTableViewCell.m in Sources */ = {isa = PBXBuildFile; fileRef = 1322FBFE1E383121008AEC74 /* SSIActivityTableViewCell.m */; };
		1325C3921E2D1F4600B35C07 /* Launch.storyboard in Resources */ = {isa = PBXBuildFile; fileRef = 1325C3911E2D1F4600B35C07 /* Launch.storyboard */; };
		1325C3A71E2E5C0C00B35C07 /* UIColor+SSI.m in Sources */ = {isa = PBXBuildFile; fileRef = 1325C3A61E2E5C0C00B35C07 /* UIColor+SSI.m */; };
		1325C3CE1E2ED0F400B35C07 /* SSIRegistrationAbilitiesAnimation.m in Sources */ = {isa = PBXBuildFile; fileRef = 1325C3C31E2ED0F400B35C07 /* SSIRegistrationAbilitiesAnimation.m */; };
		1325C3CF1E2ED0F400B35C07 /* SSIRegistrationGiftCardAnimation.m in Sources */ = {isa = PBXBuildFile; fileRef = 1325C3C51E2ED0F400B35C07 /* SSIRegistrationGiftCardAnimation.m */; };
		1325C3D01E2ED0F400B35C07 /* SSIRegistrationLevelUpAnimation.m in Sources */ = {isa = PBXBuildFile; fileRef = 1325C3C71E2ED0F400B35C07 /* SSIRegistrationLevelUpAnimation.m */; };
		1325C3D11E2ED0F400B35C07 /* SSIRegistrationSocialAnimation.m in Sources */ = {isa = PBXBuildFile; fileRef = 1325C3C91E2ED0F400B35C07 /* SSIRegistrationSocialAnimation.m */; };
		1325C3D21E2ED0F400B35C07 /* SSIRegistrationSurveysAnimation.m in Sources */ = {isa = PBXBuildFile; fileRef = 1325C3CB1E2ED0F400B35C07 /* SSIRegistrationSurveysAnimation.m */; };
		1325C3D31E2ED0F400B35C07 /* SSIRegistrationWelcomeAnimation.m in Sources */ = {isa = PBXBuildFile; fileRef = 1325C3CD1E2ED0F400B35C07 /* SSIRegistrationWelcomeAnimation.m */; };
		1325C3DA1E2ED0FF00B35C07 /* SSIRegisterContainerViewController.m in Sources */ = {isa = PBXBuildFile; fileRef = 1325C3D51E2ED0FF00B35C07 /* SSIRegisterContainerViewController.m */; };
		1325C3DB1E2ED0FF00B35C07 /* SSIRegisterPageContentViewController.m in Sources */ = {isa = PBXBuildFile; fileRef = 1325C3D71E2ED0FF00B35C07 /* SSIRegisterPageContentViewController.m */; };
		1325C3DC1E2ED0FF00B35C07 /* SSIRegisterPageViewController.m in Sources */ = {isa = PBXBuildFile; fileRef = 1325C3D91E2ED0FF00B35C07 /* SSIRegisterPageViewController.m */; };
		1325C3DE1E2ED10700B35C07 /* Register.storyboard in Resources */ = {isa = PBXBuildFile; fileRef = 1325C3DD1E2ED10700B35C07 /* Register.storyboard */; };
		1325C3E61E2ED57C00B35C07 /* abilities.qc in Resources */ = {isa = PBXBuildFile; fileRef = 1325C3E01E2ED57C00B35C07 /* abilities.qc */; };
		1325C3E71E2ED57C00B35C07 /* giftcard.qc in Resources */ = {isa = PBXBuildFile; fileRef = 1325C3E11E2ED57C00B35C07 /* giftcard.qc */; };
		1325C3E81E2ED57C00B35C07 /* levelup.qc in Resources */ = {isa = PBXBuildFile; fileRef = 1325C3E21E2ED57C00B35C07 /* levelup.qc */; };
		1325C3E91E2ED57C00B35C07 /* logo.qc in Resources */ = {isa = PBXBuildFile; fileRef = 1325C3E31E2ED57C00B35C07 /* logo.qc */; };
		1325C3EA1E2ED57C00B35C07 /* share.qc in Resources */ = {isa = PBXBuildFile; fileRef = 1325C3E41E2ED57C00B35C07 /* share.qc */; };
		1325C3EB1E2ED57C00B35C07 /* surveys.qc in Resources */ = {isa = PBXBuildFile; fileRef = 1325C3E51E2ED57C00B35C07 /* surveys.qc */; };
		1325C3F01E2ED5EB00B35C07 /* SSIDashboardViewController.m in Sources */ = {isa = PBXBuildFile; fileRef = 1325C3EF1E2ED5EB00B35C07 /* SSIDashboardViewController.m */; };
		1325C3F51E2EF3BB00B35C07 /* SSIToolBar.m in Sources */ = {isa = PBXBuildFile; fileRef = 1325C3F21E2EF3BB00B35C07 /* SSIToolBar.m */; };
		1325C3F61E2EF3BB00B35C07 /* SSIToolBar+SSI.m in Sources */ = {isa = PBXBuildFile; fileRef = 1325C3F41E2EF3BB00B35C07 /* SSIToolBar+SSI.m */; };
		1325C3FB1E2EF55700B35C07 /* SSILaunchViewController.m in Sources */ = {isa = PBXBuildFile; fileRef = 1325C3FA1E2EF55700B35C07 /* SSILaunchViewController.m */; };
		1325C3FD1E2F982200B35C07 /* toolbar.qc in Resources */ = {isa = PBXBuildFile; fileRef = 1325C3FC1E2F982200B35C07 /* toolbar.qc */; };
		1325C4011E2FBE9500B35C07 /* SSILaunchScreenAnimation.m in Sources */ = {isa = PBXBuildFile; fileRef = 1325C4001E2FBE9500B35C07 /* SSILaunchScreenAnimation.m */; };
		132CCFE01E268D68008F9E7A /* main.m in Sources */ = {isa = PBXBuildFile; fileRef = 132CCFDF1E268D68008F9E7A /* main.m */; };
		132CCFE31E268D68008F9E7A /* AppDelegate.m in Sources */ = {isa = PBXBuildFile; fileRef = 132CCFE21E268D68008F9E7A /* AppDelegate.m */; };
		132CCFEB1E268D68008F9E7A /* Assets.xcassets in Resources */ = {isa = PBXBuildFile; fileRef = 132CCFEA1E268D68008F9E7A /* Assets.xcassets */; };
		132CCFEE1E268D68008F9E7A /* LaunchScreen.storyboard in Resources */ = {isa = PBXBuildFile; fileRef = 132CCFEC1E268D68008F9E7A /* LaunchScreen.storyboard */; };
		132CCFF91E268D68008F9E7A /* saysoTests.m in Sources */ = {isa = PBXBuildFile; fileRef = 132CCFF81E268D68008F9E7A /* saysoTests.m */; };
		132CD0061E268DCC008F9E7A /* QCMethod.m in Sources */ = {isa = PBXBuildFile; fileRef = 132CD0051E268DCC008F9E7A /* QCMethod.m */; };
		132CD0101E26E54C008F9E7A /* UIImage+SSIImage.m in Sources */ = {isa = PBXBuildFile; fileRef = 132CD00F1E26E54C008F9E7A /* UIImage+SSIImage.m */; };
		1337C6581E2D139100B6FF03 /* Dashboard.storyboard in Resources */ = {isa = PBXBuildFile; fileRef = 1337C6571E2D139100B6FF03 /* Dashboard.storyboard */; };
		1388135D1E43407A008F96EF /* SSIAccountFactory.m in Sources */ = {isa = PBXBuildFile; fileRef = 1388135C1E43407A008F96EF /* SSIAccountFactory.m */; };
		13DE61B41E2FE5CD0012C912 /* SSIChromePresentationController.m in Sources */ = {isa = PBXBuildFile; fileRef = 13DE61B11E2FE5CD0012C912 /* SSIChromePresentationController.m */; };
		13DE61B51E2FE5CD0012C912 /* SSIVanillaPresentationController.m in Sources */ = {isa = PBXBuildFile; fileRef = 13DE61B31E2FE5CD0012C912 /* SSIVanillaPresentationController.m */; };
		13DE61BC1E2FE5D70012C912 /* SSIDropDownDismissAnimatedTransitioning.m in Sources */ = {isa = PBXBuildFile; fileRef = 13DE61B71E2FE5D70012C912 /* SSIDropDownDismissAnimatedTransitioning.m */; };
		13DE61BD1E2FE5D70012C912 /* SSIFadeDismissAnimatedTransitioning.m in Sources */ = {isa = PBXBuildFile; fileRef = 13DE61B91E2FE5D70012C912 /* SSIFadeDismissAnimatedTransitioning.m */; };
		13DE61BE1E2FE5D70012C912 /* SSIPopUpDismissAnimatedTransitioning.m in Sources */ = {isa = PBXBuildFile; fileRef = 13DE61BB1E2FE5D70012C912 /* SSIPopUpDismissAnimatedTransitioning.m */; };
		13DE61C71E2FE5E30012C912 /* SSIDropDownSpringyPresentAnimatedTransitioning.m in Sources */ = {isa = PBXBuildFile; fileRef = 13DE61C01E2FE5E30012C912 /* SSIDropDownSpringyPresentAnimatedTransitioning.m */; };
		13DE61C81E2FE5E30012C912 /* SSIFadePresentAnimatedTransitioning.m in Sources */ = {isa = PBXBuildFile; fileRef = 13DE61C21E2FE5E30012C912 /* SSIFadePresentAnimatedTransitioning.m */; };
		13DE61C91E2FE5E30012C912 /* SSIPopUpSpringyPresentAnimatedTransitioning.m in Sources */ = {isa = PBXBuildFile; fileRef = 13DE61C41E2FE5E30012C912 /* SSIPopUpSpringyPresentAnimatedTransitioning.m */; };
		13DE61CA1E2FE5E30012C912 /* SSIVerticalCarouselSpringyPresentAnimatedTransitioning.m in Sources */ = {isa = PBXBuildFile; fileRef = 13DE61C61E2FE5E30012C912 /* SSIVerticalCarouselSpringyPresentAnimatedTransitioning.m */; };
		13DE61D31E2FE5EC0012C912 /* SSIGiraffeTransitioningProxy.m in Sources */ = {isa = PBXBuildFile; fileRef = 13DE61CC1E2FE5EC0012C912 /* SSIGiraffeTransitioningProxy.m */; };
		13DE61D41E2FE5EC0012C912 /* SSILionTransitioningProxy.m in Sources */ = {isa = PBXBuildFile; fileRef = 13DE61CE1E2FE5EC0012C912 /* SSILionTransitioningProxy.m */; };
		13DE61D51E2FE5EC0012C912 /* SSITigerTransitioningProxy.m in Sources */ = {isa = PBXBuildFile; fileRef = 13DE61D01E2FE5EC0012C912 /* SSITigerTransitioningProxy.m */; };
		13DE61D61E2FE5EC0012C912 /* SSIZebraTransitioningProxy.m in Sources */ = {isa = PBXBuildFile; fileRef = 13DE61D21E2FE5EC0012C912 /* SSIZebraTransitioningProxy.m */; };
		13DE61E41E2FE6D80012C912 /* SSIAlertViewControllerAbstract.m in Sources */ = {isa = PBXBuildFile; fileRef = 13DE61E31E2FE6D80012C912 /* SSIAlertViewControllerAbstract.m */; };
		13DE61E71E2FE6E20012C912 /* SSIAlertController.m in Sources */ = {isa = PBXBuildFile; fileRef = 13DE61E61E2FE6E20012C912 /* SSIAlertController.m */; };
		13DE61EA1E2FE7360012C912 /* SSIViewControllerAbstract.m in Sources */ = {isa = PBXBuildFile; fileRef = 13DE61E91E2FE7360012C912 /* SSIViewControllerAbstract.m */; };
		13DE61EC1E2FE96F0012C912 /* Assets.xcassets in Resources */ = {isa = PBXBuildFile; fileRef = 13DE61EB1E2FE96F0012C912 /* Assets.xcassets */; };
		13DE61F11E2FF79C0012C912 /* Playground.storyboard in Resources */ = {isa = PBXBuildFile; fileRef = 13DE61F01E2FF79C0012C912 /* Playground.storyboard */; };
		13DE61F51E2FF7D10012C912 /* SSIPlaygroundViewController.m in Sources */ = {isa = PBXBuildFile; fileRef = 13DE61F41E2FF7D10012C912 /* SSIPlaygroundViewController.m */; };
		13DE61F81E3011AC0012C912 /* SSILogInViewController.m in Sources */ = {isa = PBXBuildFile; fileRef = 13DE61F71E3011AC0012C912 /* SSILogInViewController.m */; };
		13DE61FB1E301DF10012C912 /* SSISignUpViewController.m in Sources */ = {isa = PBXBuildFile; fileRef = 13DE61FA1E301DF10012C912 /* SSISignUpViewController.m */; };
		13DE61FF1E3021640012C912 /* SSIAlertControllerFactory.m in Sources */ = {isa = PBXBuildFile; fileRef = 13DE61FE1E3021640012C912 /* SSIAlertControllerFactory.m */; };
		ACA2846742F6271A6AEBE94C /* libPods-saysoTests.a in Frameworks */ = {isa = PBXBuildFile; fileRef = 26E8DE314572FD28A3F03809 /* libPods-saysoTests.a */; };
		F2347B5C09A6ECF935579502 /* libPods-sayso.a in Frameworks */ = {isa = PBXBuildFile; fileRef = 185D82CE2908FE261334830A /* libPods-sayso.a */; };
/* End PBXBuildFile section */

/* Begin PBXContainerItemProxy section */
		132CCFF51E268D68008F9E7A /* PBXContainerItemProxy */ = {
			isa = PBXContainerItemProxy;
			containerPortal = 132CCFD31E268D68008F9E7A /* Project object */;
			proxyType = 1;
			remoteGlobalIDString = 132CCFDA1E268D68008F9E7A;
			remoteInfo = sayso;
		};
/* End PBXContainerItemProxy section */

/* Begin PBXFileReference section */
		1316B6A31E36D18D00390A4C /* sayso.xcdatamodel */ = {isa = PBXFileReference; lastKnownFileType = wrapper.xcdatamodel; path = sayso.xcdatamodel; sourceTree = "<group>"; };
		1316B6B71E36D88B00390A4C /* SSIActivityFactory.h */ = {isa = PBXFileReference; fileEncoding = 4; lastKnownFileType = sourcecode.c.h; path = SSIActivityFactory.h; sourceTree = "<group>"; };
		1316B6B81E36D88B00390A4C /* SSIActivityFactory.m */ = {isa = PBXFileReference; fileEncoding = 4; lastKnownFileType = sourcecode.c.objc; path = SSIActivityFactory.m; sourceTree = "<group>"; };
		1322FBFD1E383121008AEC74 /* SSIActivityTableViewCell.h */ = {isa = PBXFileReference; fileEncoding = 4; lastKnownFileType = sourcecode.c.h; path = SSIActivityTableViewCell.h; sourceTree = "<group>"; };
		1322FBFE1E383121008AEC74 /* SSIActivityTableViewCell.m */ = {isa = PBXFileReference; fileEncoding = 4; lastKnownFileType = sourcecode.c.objc; path = SSIActivityTableViewCell.m; sourceTree = "<group>"; };
		1325C3911E2D1F4600B35C07 /* Launch.storyboard */ = {isa = PBXFileReference; fileEncoding = 4; lastKnownFileType = file.storyboard; path = Launch.storyboard; sourceTree = "<group>"; };
		1325C3A51E2E5C0C00B35C07 /* UIColor+SSI.h */ = {isa = PBXFileReference; fileEncoding = 4; lastKnownFileType = sourcecode.c.h; path = "UIColor+SSI.h"; sourceTree = "<group>"; };
		1325C3A61E2E5C0C00B35C07 /* UIColor+SSI.m */ = {isa = PBXFileReference; fileEncoding = 4; lastKnownFileType = sourcecode.c.objc; path = "UIColor+SSI.m"; sourceTree = "<group>"; };
		1325C3AC1E2E83BF00B35C07 /* SSIQuartzCodeAnimationProtocol.h */ = {isa = PBXFileReference; fileEncoding = 4; lastKnownFileType = sourcecode.c.h; path = SSIQuartzCodeAnimationProtocol.h; sourceTree = "<group>"; };
		1325C3C21E2ED0F400B35C07 /* SSIRegistrationAbilitiesAnimation.h */ = {isa = PBXFileReference; fileEncoding = 4; lastKnownFileType = sourcecode.c.h; path = SSIRegistrationAbilitiesAnimation.h; sourceTree = "<group>"; };
		1325C3C31E2ED0F400B35C07 /* SSIRegistrationAbilitiesAnimation.m */ = {isa = PBXFileReference; fileEncoding = 4; lastKnownFileType = sourcecode.c.objc; path = SSIRegistrationAbilitiesAnimation.m; sourceTree = "<group>"; };
		1325C3C41E2ED0F400B35C07 /* SSIRegistrationGiftCardAnimation.h */ = {isa = PBXFileReference; fileEncoding = 4; lastKnownFileType = sourcecode.c.h; path = SSIRegistrationGiftCardAnimation.h; sourceTree = "<group>"; };
		1325C3C51E2ED0F400B35C07 /* SSIRegistrationGiftCardAnimation.m */ = {isa = PBXFileReference; fileEncoding = 4; lastKnownFileType = sourcecode.c.objc; path = SSIRegistrationGiftCardAnimation.m; sourceTree = "<group>"; };
		1325C3C61E2ED0F400B35C07 /* SSIRegistrationLevelUpAnimation.h */ = {isa = PBXFileReference; fileEncoding = 4; lastKnownFileType = sourcecode.c.h; path = SSIRegistrationLevelUpAnimation.h; sourceTree = "<group>"; };
		1325C3C71E2ED0F400B35C07 /* SSIRegistrationLevelUpAnimation.m */ = {isa = PBXFileReference; fileEncoding = 4; lastKnownFileType = sourcecode.c.objc; path = SSIRegistrationLevelUpAnimation.m; sourceTree = "<group>"; };
		1325C3C81E2ED0F400B35C07 /* SSIRegistrationSocialAnimation.h */ = {isa = PBXFileReference; fileEncoding = 4; lastKnownFileType = sourcecode.c.h; path = SSIRegistrationSocialAnimation.h; sourceTree = "<group>"; };
		1325C3C91E2ED0F400B35C07 /* SSIRegistrationSocialAnimation.m */ = {isa = PBXFileReference; fileEncoding = 4; lastKnownFileType = sourcecode.c.objc; path = SSIRegistrationSocialAnimation.m; sourceTree = "<group>"; };
		1325C3CA1E2ED0F400B35C07 /* SSIRegistrationSurveysAnimation.h */ = {isa = PBXFileReference; fileEncoding = 4; lastKnownFileType = sourcecode.c.h; path = SSIRegistrationSurveysAnimation.h; sourceTree = "<group>"; };
		1325C3CB1E2ED0F400B35C07 /* SSIRegistrationSurveysAnimation.m */ = {isa = PBXFileReference; fileEncoding = 4; lastKnownFileType = sourcecode.c.objc; path = SSIRegistrationSurveysAnimation.m; sourceTree = "<group>"; };
		1325C3CC1E2ED0F400B35C07 /* SSIRegistrationWelcomeAnimation.h */ = {isa = PBXFileReference; fileEncoding = 4; lastKnownFileType = sourcecode.c.h; path = SSIRegistrationWelcomeAnimation.h; sourceTree = "<group>"; };
		1325C3CD1E2ED0F400B35C07 /* SSIRegistrationWelcomeAnimation.m */ = {isa = PBXFileReference; fileEncoding = 4; lastKnownFileType = sourcecode.c.objc; path = SSIRegistrationWelcomeAnimation.m; sourceTree = "<group>"; };
		1325C3D41E2ED0FF00B35C07 /* SSIRegisterContainerViewController.h */ = {isa = PBXFileReference; fileEncoding = 4; lastKnownFileType = sourcecode.c.h; path = SSIRegisterContainerViewController.h; sourceTree = "<group>"; };
		1325C3D51E2ED0FF00B35C07 /* SSIRegisterContainerViewController.m */ = {isa = PBXFileReference; fileEncoding = 4; lastKnownFileType = sourcecode.c.objc; path = SSIRegisterContainerViewController.m; sourceTree = "<group>"; };
		1325C3D61E2ED0FF00B35C07 /* SSIRegisterPageContentViewController.h */ = {isa = PBXFileReference; fileEncoding = 4; lastKnownFileType = sourcecode.c.h; path = SSIRegisterPageContentViewController.h; sourceTree = "<group>"; };
		1325C3D71E2ED0FF00B35C07 /* SSIRegisterPageContentViewController.m */ = {isa = PBXFileReference; fileEncoding = 4; lastKnownFileType = sourcecode.c.objc; path = SSIRegisterPageContentViewController.m; sourceTree = "<group>"; };
		1325C3D81E2ED0FF00B35C07 /* SSIRegisterPageViewController.h */ = {isa = PBXFileReference; fileEncoding = 4; lastKnownFileType = sourcecode.c.h; path = SSIRegisterPageViewController.h; sourceTree = "<group>"; };
		1325C3D91E2ED0FF00B35C07 /* SSIRegisterPageViewController.m */ = {isa = PBXFileReference; fileEncoding = 4; lastKnownFileType = sourcecode.c.objc; path = SSIRegisterPageViewController.m; sourceTree = "<group>"; };
		1325C3DD1E2ED10700B35C07 /* Register.storyboard */ = {isa = PBXFileReference; fileEncoding = 4; lastKnownFileType = file.storyboard; path = Register.storyboard; sourceTree = "<group>"; };
		1325C3E01E2ED57C00B35C07 /* abilities.qc */ = {isa = PBXFileReference; lastKnownFileType = file.bplist; path = abilities.qc; sourceTree = "<group>"; };
		1325C3E11E2ED57C00B35C07 /* giftcard.qc */ = {isa = PBXFileReference; lastKnownFileType = file.bplist; path = giftcard.qc; sourceTree = "<group>"; };
		1325C3E21E2ED57C00B35C07 /* levelup.qc */ = {isa = PBXFileReference; lastKnownFileType = file.bplist; path = levelup.qc; sourceTree = "<group>"; };
		1325C3E31E2ED57C00B35C07 /* logo.qc */ = {isa = PBXFileReference; lastKnownFileType = file.bplist; path = logo.qc; sourceTree = "<group>"; };
		1325C3E41E2ED57C00B35C07 /* share.qc */ = {isa = PBXFileReference; lastKnownFileType = file.bplist; path = share.qc; sourceTree = "<group>"; };
		1325C3E51E2ED57C00B35C07 /* surveys.qc */ = {isa = PBXFileReference; lastKnownFileType = file.bplist; path = surveys.qc; sourceTree = "<group>"; };
		1325C3EE1E2ED5EB00B35C07 /* SSIDashboardViewController.h */ = {isa = PBXFileReference; fileEncoding = 4; lastKnownFileType = sourcecode.c.h; path = SSIDashboardViewController.h; sourceTree = "<group>"; };
		1325C3EF1E2ED5EB00B35C07 /* SSIDashboardViewController.m */ = {isa = PBXFileReference; fileEncoding = 4; lastKnownFileType = sourcecode.c.objc; path = SSIDashboardViewController.m; sourceTree = "<group>"; };
		1325C3F11E2EF3BB00B35C07 /* SSIToolBar.h */ = {isa = PBXFileReference; fileEncoding = 4; lastKnownFileType = sourcecode.c.h; path = SSIToolBar.h; sourceTree = "<group>"; };
		1325C3F21E2EF3BB00B35C07 /* SSIToolBar.m */ = {isa = PBXFileReference; fileEncoding = 4; lastKnownFileType = sourcecode.c.objc; path = SSIToolBar.m; sourceTree = "<group>"; };
		1325C3F31E2EF3BB00B35C07 /* SSIToolBar+SSI.h */ = {isa = PBXFileReference; fileEncoding = 4; lastKnownFileType = sourcecode.c.h; path = "SSIToolBar+SSI.h"; sourceTree = "<group>"; };
		1325C3F41E2EF3BB00B35C07 /* SSIToolBar+SSI.m */ = {isa = PBXFileReference; fileEncoding = 4; lastKnownFileType = sourcecode.c.objc; path = "SSIToolBar+SSI.m"; sourceTree = "<group>"; };
		1325C3F91E2EF55700B35C07 /* SSILaunchViewController.h */ = {isa = PBXFileReference; fileEncoding = 4; lastKnownFileType = sourcecode.c.h; path = SSILaunchViewController.h; sourceTree = "<group>"; };
		1325C3FA1E2EF55700B35C07 /* SSILaunchViewController.m */ = {isa = PBXFileReference; fileEncoding = 4; lastKnownFileType = sourcecode.c.objc; path = SSILaunchViewController.m; sourceTree = "<group>"; };
		1325C3FC1E2F982200B35C07 /* toolbar.qc */ = {isa = PBXFileReference; lastKnownFileType = file.bplist; path = toolbar.qc; sourceTree = "<group>"; };
		1325C3FF1E2FBE9500B35C07 /* SSILaunchScreenAnimation.h */ = {isa = PBXFileReference; fileEncoding = 4; lastKnownFileType = sourcecode.c.h; path = SSILaunchScreenAnimation.h; sourceTree = "<group>"; };
		1325C4001E2FBE9500B35C07 /* SSILaunchScreenAnimation.m */ = {isa = PBXFileReference; fileEncoding = 4; lastKnownFileType = sourcecode.c.objc; path = SSILaunchScreenAnimation.m; sourceTree = "<group>"; };
		132CCFDB1E268D68008F9E7A /* sayso.app */ = {isa = PBXFileReference; explicitFileType = wrapper.application; includeInIndex = 0; path = sayso.app; sourceTree = BUILT_PRODUCTS_DIR; };
		132CCFDF1E268D68008F9E7A /* main.m */ = {isa = PBXFileReference; lastKnownFileType = sourcecode.c.objc; path = main.m; sourceTree = "<group>"; };
		132CCFE11E268D68008F9E7A /* AppDelegate.h */ = {isa = PBXFileReference; lastKnownFileType = sourcecode.c.h; path = AppDelegate.h; sourceTree = "<group>"; };
		132CCFE21E268D68008F9E7A /* AppDelegate.m */ = {isa = PBXFileReference; lastKnownFileType = sourcecode.c.objc; path = AppDelegate.m; sourceTree = "<group>"; };
		132CCFEA1E268D68008F9E7A /* Assets.xcassets */ = {isa = PBXFileReference; lastKnownFileType = folder.assetcatalog; path = Assets.xcassets; sourceTree = "<group>"; };
		132CCFED1E268D68008F9E7A /* Base */ = {isa = PBXFileReference; lastKnownFileType = file.storyboard; name = Base; path = Base.lproj/LaunchScreen.storyboard; sourceTree = "<group>"; };
		132CCFEF1E268D68008F9E7A /* Info.plist */ = {isa = PBXFileReference; lastKnownFileType = text.plist.xml; path = Info.plist; sourceTree = "<group>"; };
		132CCFF41E268D68008F9E7A /* saysoTests.xctest */ = {isa = PBXFileReference; explicitFileType = wrapper.cfbundle; includeInIndex = 0; path = saysoTests.xctest; sourceTree = BUILT_PRODUCTS_DIR; };
		132CCFF81E268D68008F9E7A /* saysoTests.m */ = {isa = PBXFileReference; lastKnownFileType = sourcecode.c.objc; path = saysoTests.m; sourceTree = "<group>"; };
		132CCFFA1E268D68008F9E7A /* Info.plist */ = {isa = PBXFileReference; lastKnownFileType = text.plist.xml; path = Info.plist; sourceTree = "<group>"; };
		132CD0041E268DCC008F9E7A /* QCMethod.h */ = {isa = PBXFileReference; fileEncoding = 4; lastKnownFileType = sourcecode.c.h; path = QCMethod.h; sourceTree = "<group>"; };
		132CD0051E268DCC008F9E7A /* QCMethod.m */ = {isa = PBXFileReference; fileEncoding = 4; lastKnownFileType = sourcecode.c.objc; path = QCMethod.m; sourceTree = "<group>"; };
		132CD00E1E26E54C008F9E7A /* UIImage+SSIImage.h */ = {isa = PBXFileReference; fileEncoding = 4; lastKnownFileType = sourcecode.c.h; path = "UIImage+SSIImage.h"; sourceTree = "<group>"; };
		132CD00F1E26E54C008F9E7A /* UIImage+SSIImage.m */ = {isa = PBXFileReference; fileEncoding = 4; lastKnownFileType = sourcecode.c.objc; path = "UIImage+SSIImage.m"; sourceTree = "<group>"; };
		1337C6571E2D139100B6FF03 /* Dashboard.storyboard */ = {isa = PBXFileReference; fileEncoding = 4; lastKnownFileType = file.storyboard; path = Dashboard.storyboard; sourceTree = "<group>"; };
		1388135B1E43407A008F96EF /* SSIAccountFactory.h */ = {isa = PBXFileReference; fileEncoding = 4; lastKnownFileType = sourcecode.c.h; path = SSIAccountFactory.h; sourceTree = "<group>"; };
		1388135C1E43407A008F96EF /* SSIAccountFactory.m */ = {isa = PBXFileReference; fileEncoding = 4; lastKnownFileType = sourcecode.c.objc; path = SSIAccountFactory.m; sourceTree = "<group>"; };
		13DE61B01E2FE5CD0012C912 /* SSIChromePresentationController.h */ = {isa = PBXFileReference; fileEncoding = 4; lastKnownFileType = sourcecode.c.h; path = SSIChromePresentationController.h; sourceTree = "<group>"; };
		13DE61B11E2FE5CD0012C912 /* SSIChromePresentationController.m */ = {isa = PBXFileReference; fileEncoding = 4; lastKnownFileType = sourcecode.c.objc; path = SSIChromePresentationController.m; sourceTree = "<group>"; };
		13DE61B21E2FE5CD0012C912 /* SSIVanillaPresentationController.h */ = {isa = PBXFileReference; fileEncoding = 4; lastKnownFileType = sourcecode.c.h; path = SSIVanillaPresentationController.h; sourceTree = "<group>"; };
		13DE61B31E2FE5CD0012C912 /* SSIVanillaPresentationController.m */ = {isa = PBXFileReference; fileEncoding = 4; lastKnownFileType = sourcecode.c.objc; path = SSIVanillaPresentationController.m; sourceTree = "<group>"; };
		13DE61B61E2FE5D70012C912 /* SSIDropDownDismissAnimatedTransitioning.h */ = {isa = PBXFileReference; fileEncoding = 4; lastKnownFileType = sourcecode.c.h; path = SSIDropDownDismissAnimatedTransitioning.h; sourceTree = "<group>"; };
		13DE61B71E2FE5D70012C912 /* SSIDropDownDismissAnimatedTransitioning.m */ = {isa = PBXFileReference; fileEncoding = 4; lastKnownFileType = sourcecode.c.objc; path = SSIDropDownDismissAnimatedTransitioning.m; sourceTree = "<group>"; };
		13DE61B81E2FE5D70012C912 /* SSIFadeDismissAnimatedTransitioning.h */ = {isa = PBXFileReference; fileEncoding = 4; lastKnownFileType = sourcecode.c.h; path = SSIFadeDismissAnimatedTransitioning.h; sourceTree = "<group>"; };
		13DE61B91E2FE5D70012C912 /* SSIFadeDismissAnimatedTransitioning.m */ = {isa = PBXFileReference; fileEncoding = 4; lastKnownFileType = sourcecode.c.objc; path = SSIFadeDismissAnimatedTransitioning.m; sourceTree = "<group>"; };
		13DE61BA1E2FE5D70012C912 /* SSIPopUpDismissAnimatedTransitioning.h */ = {isa = PBXFileReference; fileEncoding = 4; lastKnownFileType = sourcecode.c.h; path = SSIPopUpDismissAnimatedTransitioning.h; sourceTree = "<group>"; };
		13DE61BB1E2FE5D70012C912 /* SSIPopUpDismissAnimatedTransitioning.m */ = {isa = PBXFileReference; fileEncoding = 4; lastKnownFileType = sourcecode.c.objc; path = SSIPopUpDismissAnimatedTransitioning.m; sourceTree = "<group>"; };
		13DE61BF1E2FE5E30012C912 /* SSIDropDownSpringyPresentAnimatedTransitioning.h */ = {isa = PBXFileReference; fileEncoding = 4; lastKnownFileType = sourcecode.c.h; path = SSIDropDownSpringyPresentAnimatedTransitioning.h; sourceTree = "<group>"; };
		13DE61C01E2FE5E30012C912 /* SSIDropDownSpringyPresentAnimatedTransitioning.m */ = {isa = PBXFileReference; fileEncoding = 4; lastKnownFileType = sourcecode.c.objc; path = SSIDropDownSpringyPresentAnimatedTransitioning.m; sourceTree = "<group>"; };
		13DE61C11E2FE5E30012C912 /* SSIFadePresentAnimatedTransitioning.h */ = {isa = PBXFileReference; fileEncoding = 4; lastKnownFileType = sourcecode.c.h; path = SSIFadePresentAnimatedTransitioning.h; sourceTree = "<group>"; };
		13DE61C21E2FE5E30012C912 /* SSIFadePresentAnimatedTransitioning.m */ = {isa = PBXFileReference; fileEncoding = 4; lastKnownFileType = sourcecode.c.objc; path = SSIFadePresentAnimatedTransitioning.m; sourceTree = "<group>"; };
		13DE61C31E2FE5E30012C912 /* SSIPopUpSpringyPresentAnimatedTransitioning.h */ = {isa = PBXFileReference; fileEncoding = 4; lastKnownFileType = sourcecode.c.h; path = SSIPopUpSpringyPresentAnimatedTransitioning.h; sourceTree = "<group>"; };
		13DE61C41E2FE5E30012C912 /* SSIPopUpSpringyPresentAnimatedTransitioning.m */ = {isa = PBXFileReference; fileEncoding = 4; lastKnownFileType = sourcecode.c.objc; path = SSIPopUpSpringyPresentAnimatedTransitioning.m; sourceTree = "<group>"; };
		13DE61C51E2FE5E30012C912 /* SSIVerticalCarouselSpringyPresentAnimatedTransitioning.h */ = {isa = PBXFileReference; fileEncoding = 4; lastKnownFileType = sourcecode.c.h; path = SSIVerticalCarouselSpringyPresentAnimatedTransitioning.h; sourceTree = "<group>"; };
		13DE61C61E2FE5E30012C912 /* SSIVerticalCarouselSpringyPresentAnimatedTransitioning.m */ = {isa = PBXFileReference; fileEncoding = 4; lastKnownFileType = sourcecode.c.objc; path = SSIVerticalCarouselSpringyPresentAnimatedTransitioning.m; sourceTree = "<group>"; };
		13DE61CB1E2FE5EC0012C912 /* SSIGiraffeTransitioningProxy.h */ = {isa = PBXFileReference; fileEncoding = 4; lastKnownFileType = sourcecode.c.h; path = SSIGiraffeTransitioningProxy.h; sourceTree = "<group>"; };
		13DE61CC1E2FE5EC0012C912 /* SSIGiraffeTransitioningProxy.m */ = {isa = PBXFileReference; fileEncoding = 4; lastKnownFileType = sourcecode.c.objc; path = SSIGiraffeTransitioningProxy.m; sourceTree = "<group>"; };
		13DE61CD1E2FE5EC0012C912 /* SSILionTransitioningProxy.h */ = {isa = PBXFileReference; fileEncoding = 4; lastKnownFileType = sourcecode.c.h; path = SSILionTransitioningProxy.h; sourceTree = "<group>"; };
		13DE61CE1E2FE5EC0012C912 /* SSILionTransitioningProxy.m */ = {isa = PBXFileReference; fileEncoding = 4; lastKnownFileType = sourcecode.c.objc; path = SSILionTransitioningProxy.m; sourceTree = "<group>"; };
		13DE61CF1E2FE5EC0012C912 /* SSITigerTransitioningProxy.h */ = {isa = PBXFileReference; fileEncoding = 4; lastKnownFileType = sourcecode.c.h; path = SSITigerTransitioningProxy.h; sourceTree = "<group>"; };
		13DE61D01E2FE5EC0012C912 /* SSITigerTransitioningProxy.m */ = {isa = PBXFileReference; fileEncoding = 4; lastKnownFileType = sourcecode.c.objc; path = SSITigerTransitioningProxy.m; sourceTree = "<group>"; };
		13DE61D11E2FE5EC0012C912 /* SSIZebraTransitioningProxy.h */ = {isa = PBXFileReference; fileEncoding = 4; lastKnownFileType = sourcecode.c.h; path = SSIZebraTransitioningProxy.h; sourceTree = "<group>"; };
		13DE61D21E2FE5EC0012C912 /* SSIZebraTransitioningProxy.m */ = {isa = PBXFileReference; fileEncoding = 4; lastKnownFileType = sourcecode.c.objc; path = SSIZebraTransitioningProxy.m; sourceTree = "<group>"; };
		13DE61D71E2FE60A0012C912 /* SSIPresentationAnimatedTransitioning.h */ = {isa = PBXFileReference; lastKnownFileType = sourcecode.c.h; path = SSIPresentationAnimatedTransitioning.h; sourceTree = "<group>"; };
		13DE61E21E2FE6D80012C912 /* SSIAlertViewControllerAbstract.h */ = {isa = PBXFileReference; fileEncoding = 4; lastKnownFileType = sourcecode.c.h; path = SSIAlertViewControllerAbstract.h; sourceTree = "<group>"; };
		13DE61E31E2FE6D80012C912 /* SSIAlertViewControllerAbstract.m */ = {isa = PBXFileReference; fileEncoding = 4; lastKnownFileType = sourcecode.c.objc; path = SSIAlertViewControllerAbstract.m; sourceTree = "<group>"; };
		13DE61E51E2FE6E20012C912 /* SSIAlertController.h */ = {isa = PBXFileReference; fileEncoding = 4; lastKnownFileType = sourcecode.c.h; path = SSIAlertController.h; sourceTree = "<group>"; };
		13DE61E61E2FE6E20012C912 /* SSIAlertController.m */ = {isa = PBXFileReference; fileEncoding = 4; lastKnownFileType = sourcecode.c.objc; path = SSIAlertController.m; sourceTree = "<group>"; };
		13DE61E81E2FE7360012C912 /* SSIViewControllerAbstract.h */ = {isa = PBXFileReference; fileEncoding = 4; lastKnownFileType = sourcecode.c.h; path = SSIViewControllerAbstract.h; sourceTree = "<group>"; };
		13DE61E91E2FE7360012C912 /* SSIViewControllerAbstract.m */ = {isa = PBXFileReference; fileEncoding = 4; lastKnownFileType = sourcecode.c.objc; path = SSIViewControllerAbstract.m; sourceTree = "<group>"; };
		13DE61EB1E2FE96F0012C912 /* Assets.xcassets */ = {isa = PBXFileReference; lastKnownFileType = folder.assetcatalog; path = Assets.xcassets; sourceTree = "<group>"; };
		13DE61F01E2FF79C0012C912 /* Playground.storyboard */ = {isa = PBXFileReference; fileEncoding = 4; lastKnownFileType = file.storyboard; path = Playground.storyboard; sourceTree = "<group>"; };
		13DE61F31E2FF7D10012C912 /* SSIPlaygroundViewController.h */ = {isa = PBXFileReference; fileEncoding = 4; lastKnownFileType = sourcecode.c.h; path = SSIPlaygroundViewController.h; sourceTree = "<group>"; };
		13DE61F41E2FF7D10012C912 /* SSIPlaygroundViewController.m */ = {isa = PBXFileReference; fileEncoding = 4; lastKnownFileType = sourcecode.c.objc; path = SSIPlaygroundViewController.m; sourceTree = "<group>"; };
		13DE61F61E3011AC0012C912 /* SSILogInViewController.h */ = {isa = PBXFileReference; fileEncoding = 4; lastKnownFileType = sourcecode.c.h; path = SSILogInViewController.h; sourceTree = "<group>"; };
		13DE61F71E3011AC0012C912 /* SSILogInViewController.m */ = {isa = PBXFileReference; fileEncoding = 4; lastKnownFileType = sourcecode.c.objc; path = SSILogInViewController.m; sourceTree = "<group>"; };
		13DE61F91E301DF10012C912 /* SSISignUpViewController.h */ = {isa = PBXFileReference; fileEncoding = 4; lastKnownFileType = sourcecode.c.h; path = SSISignUpViewController.h; sourceTree = "<group>"; };
		13DE61FA1E301DF10012C912 /* SSISignUpViewController.m */ = {isa = PBXFileReference; fileEncoding = 4; lastKnownFileType = sourcecode.c.objc; path = SSISignUpViewController.m; sourceTree = "<group>"; };
		13DE61FD1E3021640012C912 /* SSIAlertControllerFactory.h */ = {isa = PBXFileReference; fileEncoding = 4; lastKnownFileType = sourcecode.c.h; path = SSIAlertControllerFactory.h; sourceTree = "<group>"; };
		13DE61FE1E3021640012C912 /* SSIAlertControllerFactory.m */ = {isa = PBXFileReference; fileEncoding = 4; lastKnownFileType = sourcecode.c.objc; path = SSIAlertControllerFactory.m; sourceTree = "<group>"; };
		185D82CE2908FE261334830A /* libPods-sayso.a */ = {isa = PBXFileReference; explicitFileType = archive.ar; includeInIndex = 0; path = "libPods-sayso.a"; sourceTree = BUILT_PRODUCTS_DIR; };
		26E8DE314572FD28A3F03809 /* libPods-saysoTests.a */ = {isa = PBXFileReference; explicitFileType = archive.ar; includeInIndex = 0; path = "libPods-saysoTests.a"; sourceTree = BUILT_PRODUCTS_DIR; };
		4F6EF3FB809514756C05D9E5 /* Pods-saysoTests.debug.xcconfig */ = {isa = PBXFileReference; includeInIndex = 1; lastKnownFileType = text.xcconfig; name = "Pods-saysoTests.debug.xcconfig"; path = "Pods/Target Support Files/Pods-saysoTests/Pods-saysoTests.debug.xcconfig"; sourceTree = "<group>"; };
		9DD5F1BFF301763F008B2D86 /* Pods-sayso.debug.xcconfig */ = {isa = PBXFileReference; includeInIndex = 1; lastKnownFileType = text.xcconfig; name = "Pods-sayso.debug.xcconfig"; path = "Pods/Target Support Files/Pods-sayso/Pods-sayso.debug.xcconfig"; sourceTree = "<group>"; };
		BD2BB45A196FB380C614DB0B /* Pods-sayso.release.xcconfig */ = {isa = PBXFileReference; includeInIndex = 1; lastKnownFileType = text.xcconfig; name = "Pods-sayso.release.xcconfig"; path = "Pods/Target Support Files/Pods-sayso/Pods-sayso.release.xcconfig"; sourceTree = "<group>"; };
		E5FEA97BAED33FFA5CA5945E /* Pods-saysoTests.release.xcconfig */ = {isa = PBXFileReference; includeInIndex = 1; lastKnownFileType = text.xcconfig; name = "Pods-saysoTests.release.xcconfig"; path = "Pods/Target Support Files/Pods-saysoTests/Pods-saysoTests.release.xcconfig"; sourceTree = "<group>"; };
/* End PBXFileReference section */

/* Begin PBXFrameworksBuildPhase section */
		132CCFD81E268D68008F9E7A /* Frameworks */ = {
			isa = PBXFrameworksBuildPhase;
			buildActionMask = 2147483647;
			files = (
				F2347B5C09A6ECF935579502 /* libPods-sayso.a in Frameworks */,
			);
			runOnlyForDeploymentPostprocessing = 0;
		};
		132CCFF11E268D68008F9E7A /* Frameworks */ = {
			isa = PBXFrameworksBuildPhase;
			buildActionMask = 2147483647;
			files = (
				ACA2846742F6271A6AEBE94C /* libPods-saysoTests.a in Frameworks */,
			);
			runOnlyForDeploymentPostprocessing = 0;
		};
/* End PBXFrameworksBuildPhase section */

/* Begin PBXGroup section */
		1316B6A11E36D11000390A4C /* Persistance */ = {
			isa = PBXGroup;
			children = (
				1316B6A21E36D18D00390A4C /* sayso.xcdatamodeld */,
				1316B6B71E36D88B00390A4C /* SSIActivityFactory.h */,
				1316B6B81E36D88B00390A4C /* SSIActivityFactory.m */,
				1388135B1E43407A008F96EF /* SSIAccountFactory.h */,
				1388135C1E43407A008F96EF /* SSIAccountFactory.m */,
			);
			path = Persistance;
			sourceTree = "<group>";
		};
		1325C3BF1E2ED08F00B35C07 /* Register */ = {
			isa = PBXGroup;
			children = (
				1325C3DD1E2ED10700B35C07 /* Register.storyboard */,
				1325C3C01E2ED0AF00B35C07 /* Animations */,
				1325C3C11E2ED0B800B35C07 /* Controllers */,
				1325C3DF1E2ED54800B35C07 /* Resources */,
			);
			path = Register;
			sourceTree = "<group>";
		};
		1325C3C01E2ED0AF00B35C07 /* Animations */ = {
			isa = PBXGroup;
			children = (
				1325C3C21E2ED0F400B35C07 /* SSIRegistrationAbilitiesAnimation.h */,
				1325C3C31E2ED0F400B35C07 /* SSIRegistrationAbilitiesAnimation.m */,
				1325C3C41E2ED0F400B35C07 /* SSIRegistrationGiftCardAnimation.h */,
				1325C3C51E2ED0F400B35C07 /* SSIRegistrationGiftCardAnimation.m */,
				1325C3C61E2ED0F400B35C07 /* SSIRegistrationLevelUpAnimation.h */,
				1325C3C71E2ED0F400B35C07 /* SSIRegistrationLevelUpAnimation.m */,
				1325C3C81E2ED0F400B35C07 /* SSIRegistrationSocialAnimation.h */,
				1325C3C91E2ED0F400B35C07 /* SSIRegistrationSocialAnimation.m */,
				1325C3CA1E2ED0F400B35C07 /* SSIRegistrationSurveysAnimation.h */,
				1325C3CB1E2ED0F400B35C07 /* SSIRegistrationSurveysAnimation.m */,
				1325C3CC1E2ED0F400B35C07 /* SSIRegistrationWelcomeAnimation.h */,
				1325C3CD1E2ED0F400B35C07 /* SSIRegistrationWelcomeAnimation.m */,
			);
			path = Animations;
			sourceTree = "<group>";
		};
		1325C3C11E2ED0B800B35C07 /* Controllers */ = {
			isa = PBXGroup;
			children = (
				1325C3D41E2ED0FF00B35C07 /* SSIRegisterContainerViewController.h */,
				1325C3D51E2ED0FF00B35C07 /* SSIRegisterContainerViewController.m */,
				1325C3D61E2ED0FF00B35C07 /* SSIRegisterPageContentViewController.h */,
				1325C3D71E2ED0FF00B35C07 /* SSIRegisterPageContentViewController.m */,
				1325C3D81E2ED0FF00B35C07 /* SSIRegisterPageViewController.h */,
				1325C3D91E2ED0FF00B35C07 /* SSIRegisterPageViewController.m */,
				13DE61F61E3011AC0012C912 /* SSILogInViewController.h */,
				13DE61F71E3011AC0012C912 /* SSILogInViewController.m */,
				13DE61F91E301DF10012C912 /* SSISignUpViewController.h */,
				13DE61FA1E301DF10012C912 /* SSISignUpViewController.m */,
			);
			path = Controllers;
			sourceTree = "<group>";
		};
		1325C3DF1E2ED54800B35C07 /* Resources */ = {
			isa = PBXGroup;
			children = (
				1325C3E01E2ED57C00B35C07 /* abilities.qc */,
				1325C3E11E2ED57C00B35C07 /* giftcard.qc */,
				1325C3E21E2ED57C00B35C07 /* levelup.qc */,
				1325C3E31E2ED57C00B35C07 /* logo.qc */,
				1325C3E41E2ED57C00B35C07 /* share.qc */,
				1325C3E51E2ED57C00B35C07 /* surveys.qc */,
			);
			path = Resources;
			sourceTree = "<group>";
		};
		1325C3EC1E2ED59700B35C07 /* Controllers */ = {
			isa = PBXGroup;
			children = (
				1325C3EE1E2ED5EB00B35C07 /* SSIDashboardViewController.h */,
				1325C3EF1E2ED5EB00B35C07 /* SSIDashboardViewController.m */,
				1322FBFD1E383121008AEC74 /* SSIActivityTableViewCell.h */,
				1322FBFE1E383121008AEC74 /* SSIActivityTableViewCell.m */,
			);
			path = Controllers;
			sourceTree = "<group>";
		};
		1325C3ED1E2ED5BB00B35C07 /* Animations */ = {
			isa = PBXGroup;
			children = (
				1325C3F11E2EF3BB00B35C07 /* SSIToolBar.h */,
				1325C3F21E2EF3BB00B35C07 /* SSIToolBar.m */,
				1325C3F31E2EF3BB00B35C07 /* SSIToolBar+SSI.h */,
				1325C3F41E2EF3BB00B35C07 /* SSIToolBar+SSI.m */,
			);
			path = Animations;
			sourceTree = "<group>";
		};
		1325C3F71E2EF3E000B35C07 /* Resources */ = {
			isa = PBXGroup;
			children = (
				1325C3FC1E2F982200B35C07 /* toolbar.qc */,
			);
			name = Resources;
			sourceTree = "<group>";
		};
		1325C3F81E2EF4CB00B35C07 /* Controllers */ = {
			isa = PBXGroup;
			children = (
				1325C3F91E2EF55700B35C07 /* SSILaunchViewController.h */,
				1325C3FA1E2EF55700B35C07 /* SSILaunchViewController.m */,
			);
			path = Controllers;
			sourceTree = "<group>";
		};
		1325C3FE1E2FBE7D00B35C07 /* Animations */ = {
			isa = PBXGroup;
			children = (
				1325C3FF1E2FBE9500B35C07 /* SSILaunchScreenAnimation.h */,
				1325C4001E2FBE9500B35C07 /* SSILaunchScreenAnimation.m */,
			);
			path = Animations;
			sourceTree = "<group>";
		};
		1325C4021E2FE04100B35C07 /* Alert */ = {
			isa = PBXGroup;
			children = (
				13DE61EB1E2FE96F0012C912 /* Assets.xcassets */,
				13DE61E01E2FE6A50012C912 /* Controllers */,
				13DE61FC1E3020F70012C912 /* Factories */,
			);
			path = Alert;
			sourceTree = "<group>";
		};
		132CCFD21E268D68008F9E7A = {
			isa = PBXGroup;
			children = (
				132CCFDD1E268D68008F9E7A /* sayso */,
				132CCFF71E268D68008F9E7A /* saysoTests */,
				132CCFDC1E268D68008F9E7A /* Products */,
				712BD79787CBA7AF295B72E1 /* Pods */,
				EAF0DEB0F4B9E7B62AD11C5C /* Frameworks */,
			);
			sourceTree = "<group>";
		};
		132CCFDC1E268D68008F9E7A /* Products */ = {
			isa = PBXGroup;
			children = (
				132CCFDB1E268D68008F9E7A /* sayso.app */,
				132CCFF41E268D68008F9E7A /* saysoTests.xctest */,
			);
			name = Products;
			sourceTree = "<group>";
		};
		132CCFDD1E268D68008F9E7A /* sayso */ = {
			isa = PBXGroup;
			children = (
				132CCFE11E268D68008F9E7A /* AppDelegate.h */,
				132CCFE21E268D68008F9E7A /* AppDelegate.m */,
				1316B6A11E36D11000390A4C /* Persistance */,
				13DE61ED1E2FF6DF0012C912 /* Playground */,
				1337C6591E2D14F700B6FF03 /* Launch */,
				1325C3BF1E2ED08F00B35C07 /* Register */,
				1350A2CB1E2D131200E7444F /* Dashboard */,
				132CCFDE1E268D68008F9E7A /* Supporting Files */,
			);
			path = sayso;
			sourceTree = "<group>";
		};
		132CCFDE1E268D68008F9E7A /* Supporting Files */ = {
			isa = PBXGroup;
			children = (
				1336D49C1E2FE194008AB597 /* Transitioning */,
				1325C4021E2FE04100B35C07 /* Alert */,
				132CCFEF1E268D68008F9E7A /* Info.plist */,
				132CD00E1E26E54C008F9E7A /* UIImage+SSIImage.h */,
				132CD00F1E26E54C008F9E7A /* UIImage+SSIImage.m */,
				132CCFEA1E268D68008F9E7A /* Assets.xcassets */,
				132CD0031E268DAC008F9E7A /* QuartzCode */,
				132CCFDF1E268D68008F9E7A /* main.m */,
				1325C3A51E2E5C0C00B35C07 /* UIColor+SSI.h */,
				1325C3A61E2E5C0C00B35C07 /* UIColor+SSI.m */,
				13DE61E81E2FE7360012C912 /* SSIViewControllerAbstract.h */,
				13DE61E91E2FE7360012C912 /* SSIViewControllerAbstract.m */,
			);
			name = "Supporting Files";
			sourceTree = "<group>";
		};
		132CCFF71E268D68008F9E7A /* saysoTests */ = {
			isa = PBXGroup;
			children = (
				132CCFF81E268D68008F9E7A /* saysoTests.m */,
				132CCFFA1E268D68008F9E7A /* Info.plist */,
			);
			path = saysoTests;
			sourceTree = "<group>";
		};
		132CD0031E268DAC008F9E7A /* QuartzCode */ = {
			isa = PBXGroup;
			children = (
				132CD0041E268DCC008F9E7A /* QCMethod.h */,
				132CD0051E268DCC008F9E7A /* QCMethod.m */,
				1325C3AC1E2E83BF00B35C07 /* SSIQuartzCodeAnimationProtocol.h */,
			);
			path = QuartzCode;
			sourceTree = "<group>";
		};
		1336D49C1E2FE194008AB597 /* Transitioning */ = {
			isa = PBXGroup;
			children = (
				13DE61D71E2FE60A0012C912 /* SSIPresentationAnimatedTransitioning.h */,
				1336D49D1E2FE1AD008AB597 /* Controllers */,
				1336D49E1E2FE1C4008AB597 /* Dismissing */,
				1336D49F1E2FE1D3008AB597 /* Presenting */,
				1336D4A01E2FE1F9008AB597 /* Proxies */,
			);
			path = Transitioning;
			sourceTree = "<group>";
		};
		1336D49D1E2FE1AD008AB597 /* Controllers */ = {
			isa = PBXGroup;
			children = (
				13DE61B01E2FE5CD0012C912 /* SSIChromePresentationController.h */,
				13DE61B11E2FE5CD0012C912 /* SSIChromePresentationController.m */,
				13DE61B21E2FE5CD0012C912 /* SSIVanillaPresentationController.h */,
				13DE61B31E2FE5CD0012C912 /* SSIVanillaPresentationController.m */,
			);
			path = Controllers;
			sourceTree = "<group>";
		};
		1336D49E1E2FE1C4008AB597 /* Dismissing */ = {
			isa = PBXGroup;
			children = (
				13DE61B61E2FE5D70012C912 /* SSIDropDownDismissAnimatedTransitioning.h */,
				13DE61B71E2FE5D70012C912 /* SSIDropDownDismissAnimatedTransitioning.m */,
				13DE61B81E2FE5D70012C912 /* SSIFadeDismissAnimatedTransitioning.h */,
				13DE61B91E2FE5D70012C912 /* SSIFadeDismissAnimatedTransitioning.m */,
				13DE61BA1E2FE5D70012C912 /* SSIPopUpDismissAnimatedTransitioning.h */,
				13DE61BB1E2FE5D70012C912 /* SSIPopUpDismissAnimatedTransitioning.m */,
			);
			path = Dismissing;
			sourceTree = "<group>";
		};
		1336D49F1E2FE1D3008AB597 /* Presenting */ = {
			isa = PBXGroup;
			children = (
				13DE61BF1E2FE5E30012C912 /* SSIDropDownSpringyPresentAnimatedTransitioning.h */,
				13DE61C01E2FE5E30012C912 /* SSIDropDownSpringyPresentAnimatedTransitioning.m */,
				13DE61C11E2FE5E30012C912 /* SSIFadePresentAnimatedTransitioning.h */,
				13DE61C21E2FE5E30012C912 /* SSIFadePresentAnimatedTransitioning.m */,
				13DE61C31E2FE5E30012C912 /* SSIPopUpSpringyPresentAnimatedTransitioning.h */,
				13DE61C41E2FE5E30012C912 /* SSIPopUpSpringyPresentAnimatedTransitioning.m */,
				13DE61C51E2FE5E30012C912 /* SSIVerticalCarouselSpringyPresentAnimatedTransitioning.h */,
				13DE61C61E2FE5E30012C912 /* SSIVerticalCarouselSpringyPresentAnimatedTransitioning.m */,
			);
			path = Presenting;
			sourceTree = "<group>";
		};
		1336D4A01E2FE1F9008AB597 /* Proxies */ = {
			isa = PBXGroup;
			children = (
				13DE61CB1E2FE5EC0012C912 /* SSIGiraffeTransitioningProxy.h */,
				13DE61CC1E2FE5EC0012C912 /* SSIGiraffeTransitioningProxy.m */,
				13DE61CD1E2FE5EC0012C912 /* SSILionTransitioningProxy.h */,
				13DE61CE1E2FE5EC0012C912 /* SSILionTransitioningProxy.m */,
				13DE61CF1E2FE5EC0012C912 /* SSITigerTransitioningProxy.h */,
				13DE61D01E2FE5EC0012C912 /* SSITigerTransitioningProxy.m */,
				13DE61D11E2FE5EC0012C912 /* SSIZebraTransitioningProxy.h */,
				13DE61D21E2FE5EC0012C912 /* SSIZebraTransitioningProxy.m */,
			);
			path = Proxies;
			sourceTree = "<group>";
		};
		1337C6591E2D14F700B6FF03 /* Launch */ = {
			isa = PBXGroup;
			children = (
				1325C3FE1E2FBE7D00B35C07 /* Animations */,
				1325C3F81E2EF4CB00B35C07 /* Controllers */,
				1325C3911E2D1F4600B35C07 /* Launch.storyboard */,
				132CCFEC1E268D68008F9E7A /* LaunchScreen.storyboard */,
			);
			path = Launch;
			sourceTree = "<group>";
		};
		1350A2CB1E2D131200E7444F /* Dashboard */ = {
			isa = PBXGroup;
			children = (
				1337C6571E2D139100B6FF03 /* Dashboard.storyboard */,
				1325C3ED1E2ED5BB00B35C07 /* Animations */,
				1325C3EC1E2ED59700B35C07 /* Controllers */,
				1325C3F71E2EF3E000B35C07 /* Resources */,
			);
			path = Dashboard;
			sourceTree = "<group>";
		};
		13DE61E01E2FE6A50012C912 /* Controllers */ = {
			isa = PBXGroup;
			children = (
				13DE61E51E2FE6E20012C912 /* SSIAlertController.h */,
				13DE61E61E2FE6E20012C912 /* SSIAlertController.m */,
				13DE61E11E2FE6BB0012C912 /* Abstracts */,
			);
			path = Controllers;
			sourceTree = "<group>";
		};
		13DE61E11E2FE6BB0012C912 /* Abstracts */ = {
			isa = PBXGroup;
			children = (
				13DE61E21E2FE6D80012C912 /* SSIAlertViewControllerAbstract.h */,
				13DE61E31E2FE6D80012C912 /* SSIAlertViewControllerAbstract.m */,
			);
			path = Abstracts;
			sourceTree = "<group>";
		};
		13DE61ED1E2FF6DF0012C912 /* Playground */ = {
			isa = PBXGroup;
			children = (
				13DE61F21E2FF7B80012C912 /* Controllers */,
				13DE61F01E2FF79C0012C912 /* Playground.storyboard */,
			);
			path = Playground;
			sourceTree = "<group>";
		};
		13DE61F21E2FF7B80012C912 /* Controllers */ = {
			isa = PBXGroup;
			children = (
				13DE61F31E2FF7D10012C912 /* SSIPlaygroundViewController.h */,
				13DE61F41E2FF7D10012C912 /* SSIPlaygroundViewController.m */,
			);
			name = Controllers;
			sourceTree = "<group>";
		};
		13DE61FC1E3020F70012C912 /* Factories */ = {
			isa = PBXGroup;
			children = (
				13DE61FD1E3021640012C912 /* SSIAlertControllerFactory.h */,
				13DE61FE1E3021640012C912 /* SSIAlertControllerFactory.m */,
			);
			path = Factories;
			sourceTree = "<group>";
		};
		712BD79787CBA7AF295B72E1 /* Pods */ = {
			isa = PBXGroup;
			children = (
				9DD5F1BFF301763F008B2D86 /* Pods-sayso.debug.xcconfig */,
				BD2BB45A196FB380C614DB0B /* Pods-sayso.release.xcconfig */,
				4F6EF3FB809514756C05D9E5 /* Pods-saysoTests.debug.xcconfig */,
				E5FEA97BAED33FFA5CA5945E /* Pods-saysoTests.release.xcconfig */,
			);
			name = Pods;
			sourceTree = "<group>";
		};
		EAF0DEB0F4B9E7B62AD11C5C /* Frameworks */ = {
			isa = PBXGroup;
			children = (
				185D82CE2908FE261334830A /* libPods-sayso.a */,
				26E8DE314572FD28A3F03809 /* libPods-saysoTests.a */,
			);
			name = Frameworks;
			sourceTree = "<group>";
		};
/* End PBXGroup section */

/* Begin PBXNativeTarget section */
		132CCFDA1E268D68008F9E7A /* sayso */ = {
			isa = PBXNativeTarget;
			buildConfigurationList = 132CCFFD1E268D68008F9E7A /* Build configuration list for PBXNativeTarget "sayso" */;
			buildPhases = (
				EDD06FEFD3452A14E6D7126E /* [CP] Check Pods Manifest.lock */,
				132CCFD71E268D68008F9E7A /* Sources */,
				132CCFD81E268D68008F9E7A /* Frameworks */,
				132CCFD91E268D68008F9E7A /* Resources */,
				F2507F1D947A58021D65278B /* [CP] Embed Pods Frameworks */,
				16241B42D6565D6B7A8CF1FB /* [CP] Copy Pods Resources */,
			);
			buildRules = (
			);
			dependencies = (
			);
			name = sayso;
			productName = sayso;
			productReference = 132CCFDB1E268D68008F9E7A /* sayso.app */;
			productType = "com.apple.product-type.application";
		};
		132CCFF31E268D68008F9E7A /* saysoTests */ = {
			isa = PBXNativeTarget;
			buildConfigurationList = 132CD0001E268D68008F9E7A /* Build configuration list for PBXNativeTarget "saysoTests" */;
			buildPhases = (
				43F6BBF293E40D3C4A1C671F /* [CP] Check Pods Manifest.lock */,
				132CCFF01E268D68008F9E7A /* Sources */,
				132CCFF11E268D68008F9E7A /* Frameworks */,
				132CCFF21E268D68008F9E7A /* Resources */,
				ED8CCBADE1612E907FDD6157 /* [CP] Embed Pods Frameworks */,
				673EFB69B836A67B9DD96BDA /* [CP] Copy Pods Resources */,
			);
			buildRules = (
			);
			dependencies = (
				132CCFF61E268D68008F9E7A /* PBXTargetDependency */,
			);
			name = saysoTests;
			productName = saysoTests;
			productReference = 132CCFF41E268D68008F9E7A /* saysoTests.xctest */;
			productType = "com.apple.product-type.bundle.unit-test";
		};
/* End PBXNativeTarget section */

/* Begin PBXProject section */
		132CCFD31E268D68008F9E7A /* Project object */ = {
			isa = PBXProject;
			attributes = {
				LastUpgradeCheck = 0820;
				ORGANIZATIONNAME = "Survey Sampling International, LLC.";
				TargetAttributes = {
					132CCFDA1E268D68008F9E7A = {
						CreatedOnToolsVersion = 8.2.1;
						DevelopmentTeam = 75AW5Y3K23;
						ProvisioningStyle = Automatic;
					};
					132CCFF31E268D68008F9E7A = {
						CreatedOnToolsVersion = 8.2.1;
						DevelopmentTeam = 75AW5Y3K23;
						ProvisioningStyle = Automatic;
						TestTargetID = 132CCFDA1E268D68008F9E7A;
					};
				};
			};
			buildConfigurationList = 132CCFD61E268D68008F9E7A /* Build configuration list for PBXProject "sayso" */;
			compatibilityVersion = "Xcode 3.2";
			developmentRegion = English;
			hasScannedForEncodings = 0;
			knownRegions = (
				en,
				Base,
			);
			mainGroup = 132CCFD21E268D68008F9E7A;
			productRefGroup = 132CCFDC1E268D68008F9E7A /* Products */;
			projectDirPath = "";
			projectRoot = "";
			targets = (
				132CCFDA1E268D68008F9E7A /* sayso */,
				132CCFF31E268D68008F9E7A /* saysoTests */,
			);
		};
/* End PBXProject section */

/* Begin PBXResourcesBuildPhase section */
		132CCFD91E268D68008F9E7A /* Resources */ = {
			isa = PBXResourcesBuildPhase;
			buildActionMask = 2147483647;
			files = (
				132CCFEE1E268D68008F9E7A /* LaunchScreen.storyboard in Resources */,
				1325C3E71E2ED57C00B35C07 /* giftcard.qc in Resources */,
				13DE61F11E2FF79C0012C912 /* Playground.storyboard in Resources */,
				1325C3921E2D1F4600B35C07 /* Launch.storyboard in Resources */,
				132CCFEB1E268D68008F9E7A /* Assets.xcassets in Resources */,
				13DE61EC1E2FE96F0012C912 /* Assets.xcassets in Resources */,
				1337C6581E2D139100B6FF03 /* Dashboard.storyboard in Resources */,
				1325C3FD1E2F982200B35C07 /* toolbar.qc in Resources */,
				1325C3EA1E2ED57C00B35C07 /* share.qc in Resources */,
				1325C3E91E2ED57C00B35C07 /* logo.qc in Resources */,
				1325C3E81E2ED57C00B35C07 /* levelup.qc in Resources */,
				1325C3EB1E2ED57C00B35C07 /* surveys.qc in Resources */,
				1325C3E61E2ED57C00B35C07 /* abilities.qc in Resources */,
				1325C3DE1E2ED10700B35C07 /* Register.storyboard in Resources */,
			);
			runOnlyForDeploymentPostprocessing = 0;
		};
		132CCFF21E268D68008F9E7A /* Resources */ = {
			isa = PBXResourcesBuildPhase;
			buildActionMask = 2147483647;
			files = (
			);
			runOnlyForDeploymentPostprocessing = 0;
		};
/* End PBXResourcesBuildPhase section */

/* Begin PBXShellScriptBuildPhase section */
		16241B42D6565D6B7A8CF1FB /* [CP] Copy Pods Resources */ = {
			isa = PBXShellScriptBuildPhase;
			buildActionMask = 2147483647;
			files = (
			);
			inputPaths = (
			);
			name = "[CP] Copy Pods Resources";
			outputPaths = (
			);
			runOnlyForDeploymentPostprocessing = 0;
			shellPath = /bin/sh;
			shellScript = "\"${SRCROOT}/Pods/Target Support Files/Pods-sayso/Pods-sayso-resources.sh\"\n";
			showEnvVarsInLog = 0;
		};
		43F6BBF293E40D3C4A1C671F /* [CP] Check Pods Manifest.lock */ = {
			isa = PBXShellScriptBuildPhase;
			buildActionMask = 2147483647;
			files = (
			);
			inputPaths = (
			);
			name = "[CP] Check Pods Manifest.lock";
			outputPaths = (
			);
			runOnlyForDeploymentPostprocessing = 0;
			shellPath = /bin/sh;
			shellScript = "diff \"${PODS_ROOT}/../Podfile.lock\" \"${PODS_ROOT}/Manifest.lock\" > /dev/null\nif [[ $? != 0 ]] ; then\n    cat << EOM\nerror: The sandbox is not in sync with the Podfile.lock. Run 'pod install' or update your CocoaPods installation.\nEOM\n    exit 1\nfi\n";
			showEnvVarsInLog = 0;
		};
		673EFB69B836A67B9DD96BDA /* [CP] Copy Pods Resources */ = {
			isa = PBXShellScriptBuildPhase;
			buildActionMask = 2147483647;
			files = (
			);
			inputPaths = (
			);
			name = "[CP] Copy Pods Resources";
			outputPaths = (
			);
			runOnlyForDeploymentPostprocessing = 0;
			shellPath = /bin/sh;
			shellScript = "\"${SRCROOT}/Pods/Target Support Files/Pods-saysoTests/Pods-saysoTests-resources.sh\"\n";
			showEnvVarsInLog = 0;
		};
		ED8CCBADE1612E907FDD6157 /* [CP] Embed Pods Frameworks */ = {
			isa = PBXShellScriptBuildPhase;
			buildActionMask = 2147483647;
			files = (
			);
			inputPaths = (
			);
			name = "[CP] Embed Pods Frameworks";
			outputPaths = (
			);
			runOnlyForDeploymentPostprocessing = 0;
			shellPath = /bin/sh;
			shellScript = "\"${SRCROOT}/Pods/Target Support Files/Pods-saysoTests/Pods-saysoTests-frameworks.sh\"\n";
			showEnvVarsInLog = 0;
		};
		EDD06FEFD3452A14E6D7126E /* [CP] Check Pods Manifest.lock */ = {
			isa = PBXShellScriptBuildPhase;
			buildActionMask = 2147483647;
			files = (
			);
			inputPaths = (
			);
			name = "[CP] Check Pods Manifest.lock";
			outputPaths = (
			);
			runOnlyForDeploymentPostprocessing = 0;
			shellPath = /bin/sh;
			shellScript = "diff \"${PODS_ROOT}/../Podfile.lock\" \"${PODS_ROOT}/Manifest.lock\" > /dev/null\nif [[ $? != 0 ]] ; then\n    cat << EOM\nerror: The sandbox is not in sync with the Podfile.lock. Run 'pod install' or update your CocoaPods installation.\nEOM\n    exit 1\nfi\n";
			showEnvVarsInLog = 0;
		};
		F2507F1D947A58021D65278B /* [CP] Embed Pods Frameworks */ = {
			isa = PBXShellScriptBuildPhase;
			buildActionMask = 2147483647;
			files = (
			);
			inputPaths = (
			);
			name = "[CP] Embed Pods Frameworks";
			outputPaths = (
			);
			runOnlyForDeploymentPostprocessing = 0;
			shellPath = /bin/sh;
			shellScript = "\"${SRCROOT}/Pods/Target Support Files/Pods-sayso/Pods-sayso-frameworks.sh\"\n";
			showEnvVarsInLog = 0;
		};
/* End PBXShellScriptBuildPhase section */

/* Begin PBXSourcesBuildPhase section */
		132CCFD71E268D68008F9E7A /* Sources */ = {
			isa = PBXSourcesBuildPhase;
			buildActionMask = 2147483647;
			files = (
				13DE61D61E2FE5EC0012C912 /* SSIZebraTransitioningProxy.m in Sources */,
				1325C3D11E2ED0F400B35C07 /* SSIRegistrationSocialAnimation.m in Sources */,
				1325C3A71E2E5C0C00B35C07 /* UIColor+SSI.m in Sources */,
				1325C3D01E2ED0F400B35C07 /* SSIRegistrationLevelUpAnimation.m in Sources */,
				13DE61E71E2FE6E20012C912 /* SSIAlertController.m in Sources */,
				13DE61CA1E2FE5E30012C912 /* SSIVerticalCarouselSpringyPresentAnimatedTransitioning.m in Sources */,
				13DE61E41E2FE6D80012C912 /* SSIAlertViewControllerAbstract.m in Sources */,
				1388135D1E43407A008F96EF /* SSIAccountFactory.m in Sources */,
				13DE61FB1E301DF10012C912 /* SSISignUpViewController.m in Sources */,
				1322FBFF1E383121008AEC74 /* SSIActivityTableViewCell.m in Sources */,
				1325C3F51E2EF3BB00B35C07 /* SSIToolBar.m in Sources */,
				13DE61BC1E2FE5D70012C912 /* SSIDropDownDismissAnimatedTransitioning.m in Sources */,
				1325C3CF1E2ED0F400B35C07 /* SSIRegistrationGiftCardAnimation.m in Sources */,
				13DE61BE1E2FE5D70012C912 /* SSIPopUpDismissAnimatedTransitioning.m in Sources */,
				1325C3DB1E2ED0FF00B35C07 /* SSIRegisterPageContentViewController.m in Sources */,
				13DE61B41E2FE5CD0012C912 /* SSIChromePresentationController.m in Sources */,
				1325C3D31E2ED0F400B35C07 /* SSIRegistrationWelcomeAnimation.m in Sources */,
				13DE61D51E2FE5EC0012C912 /* SSITigerTransitioningProxy.m in Sources */,
				13DE61FF1E3021640012C912 /* SSIAlertControllerFactory.m in Sources */,
				13DE61B51E2FE5CD0012C912 /* SSIVanillaPresentationController.m in Sources */,
				1325C3CE1E2ED0F400B35C07 /* SSIRegistrationAbilitiesAnimation.m in Sources */,
				1325C3DC1E2ED0FF00B35C07 /* SSIRegisterPageViewController.m in Sources */,
				13DE61C71E2FE5E30012C912 /* SSIDropDownSpringyPresentAnimatedTransitioning.m in Sources */,
				1325C3DA1E2ED0FF00B35C07 /* SSIRegisterContainerViewController.m in Sources */,
				13DE61C91E2FE5E30012C912 /* SSIPopUpSpringyPresentAnimatedTransitioning.m in Sources */,
				1325C4011E2FBE9500B35C07 /* SSILaunchScreenAnimation.m in Sources */,
				13DE61F51E2FF7D10012C912 /* SSIPlaygroundViewController.m in Sources */,
				13DE61BD1E2FE5D70012C912 /* SSIFadeDismissAnimatedTransitioning.m in Sources */,
				13DE61EA1E2FE7360012C912 /* SSIViewControllerAbstract.m in Sources */,
				132CCFE31E268D68008F9E7A /* AppDelegate.m in Sources */,
				1325C3F01E2ED5EB00B35C07 /* SSIDashboardViewController.m in Sources */,
				132CD0061E268DCC008F9E7A /* QCMethod.m in Sources */,
				13DE61D31E2FE5EC0012C912 /* SSIGiraffeTransitioningProxy.m in Sources */,
				1325C3F61E2EF3BB00B35C07 /* SSIToolBar+SSI.m in Sources */,
				13DE61C81E2FE5E30012C912 /* SSIFadePresentAnimatedTransitioning.m in Sources */,
				1316B6A41E36D18D00390A4C /* sayso.xcdatamodeld in Sources */,
				132CCFE01E268D68008F9E7A /* main.m in Sources */,
				132CD0101E26E54C008F9E7A /* UIImage+SSIImage.m in Sources */,
				13DE61D41E2FE5EC0012C912 /* SSILionTransitioningProxy.m in Sources */,
				1316B6B91E36D88B00390A4C /* SSIActivityFactory.m in Sources */,
				1325C3D21E2ED0F400B35C07 /* SSIRegistrationSurveysAnimation.m in Sources */,
				13DE61F81E3011AC0012C912 /* SSILogInViewController.m in Sources */,
				1325C3FB1E2EF55700B35C07 /* SSILaunchViewController.m in Sources */,
			);
			runOnlyForDeploymentPostprocessing = 0;
		};
		132CCFF01E268D68008F9E7A /* Sources */ = {
			isa = PBXSourcesBuildPhase;
			buildActionMask = 2147483647;
			files = (
				132CCFF91E268D68008F9E7A /* saysoTests.m in Sources */,
			);
			runOnlyForDeploymentPostprocessing = 0;
		};
/* End PBXSourcesBuildPhase section */

/* Begin PBXTargetDependency section */
		132CCFF61E268D68008F9E7A /* PBXTargetDependency */ = {
			isa = PBXTargetDependency;
			target = 132CCFDA1E268D68008F9E7A /* sayso */;
			targetProxy = 132CCFF51E268D68008F9E7A /* PBXContainerItemProxy */;
		};
/* End PBXTargetDependency section */

/* Begin PBXVariantGroup section */
		132CCFEC1E268D68008F9E7A /* LaunchScreen.storyboard */ = {
			isa = PBXVariantGroup;
			children = (
				132CCFED1E268D68008F9E7A /* Base */,
			);
			name = LaunchScreen.storyboard;
			path = ..;
			sourceTree = "<group>";
		};
/* End PBXVariantGroup section */

/* Begin XCBuildConfiguration section */
		132CCFFB1E268D68008F9E7A /* Debug */ = {
			isa = XCBuildConfiguration;
			buildSettings = {
				ALWAYS_SEARCH_USER_PATHS = NO;
				CLANG_ANALYZER_NONNULL = YES;
				CLANG_CXX_LANGUAGE_STANDARD = "gnu++0x";
				CLANG_CXX_LIBRARY = "libc++";
				CLANG_ENABLE_MODULES = YES;
				CLANG_ENABLE_OBJC_ARC = YES;
				CLANG_WARN_BOOL_CONVERSION = YES;
				CLANG_WARN_CONSTANT_CONVERSION = YES;
				CLANG_WARN_DIRECT_OBJC_ISA_USAGE = YES_ERROR;
				CLANG_WARN_DOCUMENTATION_COMMENTS = YES;
				CLANG_WARN_EMPTY_BODY = YES;
				CLANG_WARN_ENUM_CONVERSION = YES;
				CLANG_WARN_INFINITE_RECURSION = YES;
				CLANG_WARN_INT_CONVERSION = YES;
				CLANG_WARN_OBJC_ROOT_CLASS = YES_ERROR;
				CLANG_WARN_SUSPICIOUS_MOVE = YES;
				CLANG_WARN_UNREACHABLE_CODE = YES;
				CLANG_WARN__DUPLICATE_METHOD_MATCH = YES;
				"CODE_SIGN_IDENTITY[sdk=iphoneos*]" = "iPhone Developer";
				COPY_PHASE_STRIP = NO;
				DEBUG_INFORMATION_FORMAT = dwarf;
				ENABLE_STRICT_OBJC_MSGSEND = YES;
				ENABLE_TESTABILITY = YES;
				GCC_C_LANGUAGE_STANDARD = gnu99;
				GCC_DYNAMIC_NO_PIC = NO;
				GCC_NO_COMMON_BLOCKS = YES;
				GCC_OPTIMIZATION_LEVEL = 0;
				GCC_PREPROCESSOR_DEFINITIONS = (
					"DEBUG=1",
					"$(inherited)",
				);
				GCC_WARN_64_TO_32_BIT_CONVERSION = YES;
				GCC_WARN_ABOUT_RETURN_TYPE = YES_ERROR;
				GCC_WARN_UNDECLARED_SELECTOR = YES;
				GCC_WARN_UNINITIALIZED_AUTOS = YES_AGGRESSIVE;
				GCC_WARN_UNUSED_FUNCTION = YES;
				GCC_WARN_UNUSED_VARIABLE = YES;
				IPHONEOS_DEPLOYMENT_TARGET = 10.2;
				MTL_ENABLE_DEBUG_INFO = YES;
				ONLY_ACTIVE_ARCH = YES;
				SDKROOT = iphoneos;
				TARGETED_DEVICE_FAMILY = "1,2";
			};
			name = Debug;
		};
		132CCFFC1E268D68008F9E7A /* Release */ = {
			isa = XCBuildConfiguration;
			buildSettings = {
				ALWAYS_SEARCH_USER_PATHS = NO;
				CLANG_ANALYZER_NONNULL = YES;
				CLANG_CXX_LANGUAGE_STANDARD = "gnu++0x";
				CLANG_CXX_LIBRARY = "libc++";
				CLANG_ENABLE_MODULES = YES;
				CLANG_ENABLE_OBJC_ARC = YES;
				CLANG_WARN_BOOL_CONVERSION = YES;
				CLANG_WARN_CONSTANT_CONVERSION = YES;
				CLANG_WARN_DIRECT_OBJC_ISA_USAGE = YES_ERROR;
				CLANG_WARN_DOCUMENTATION_COMMENTS = YES;
				CLANG_WARN_EMPTY_BODY = YES;
				CLANG_WARN_ENUM_CONVERSION = YES;
				CLANG_WARN_INFINITE_RECURSION = YES;
				CLANG_WARN_INT_CONVERSION = YES;
				CLANG_WARN_OBJC_ROOT_CLASS = YES_ERROR;
				CLANG_WARN_SUSPICIOUS_MOVE = YES;
				CLANG_WARN_UNREACHABLE_CODE = YES;
				CLANG_WARN__DUPLICATE_METHOD_MATCH = YES;
				"CODE_SIGN_IDENTITY[sdk=iphoneos*]" = "iPhone Developer";
				COPY_PHASE_STRIP = NO;
				DEBUG_INFORMATION_FORMAT = "dwarf-with-dsym";
				ENABLE_NS_ASSERTIONS = NO;
				ENABLE_STRICT_OBJC_MSGSEND = YES;
				GCC_C_LANGUAGE_STANDARD = gnu99;
				GCC_NO_COMMON_BLOCKS = YES;
				GCC_WARN_64_TO_32_BIT_CONVERSION = YES;
				GCC_WARN_ABOUT_RETURN_TYPE = YES_ERROR;
				GCC_WARN_UNDECLARED_SELECTOR = YES;
				GCC_WARN_UNINITIALIZED_AUTOS = YES_AGGRESSIVE;
				GCC_WARN_UNUSED_FUNCTION = YES;
				GCC_WARN_UNUSED_VARIABLE = YES;
				IPHONEOS_DEPLOYMENT_TARGET = 10.2;
				MTL_ENABLE_DEBUG_INFO = NO;
				SDKROOT = iphoneos;
				TARGETED_DEVICE_FAMILY = "1,2";
				VALIDATE_PRODUCT = YES;
			};
			name = Release;
		};
		132CCFFE1E268D68008F9E7A /* Debug */ = {
			isa = XCBuildConfiguration;
			baseConfigurationReference = 9DD5F1BFF301763F008B2D86 /* Pods-sayso.debug.xcconfig */;
			buildSettings = {
				ASSETCATALOG_COMPILER_APPICON_NAME = AppIcon;
				DEVELOPMENT_TEAM = 75AW5Y3K23;
				INFOPLIST_FILE = sayso/Info.plist;
				IPHONEOS_DEPLOYMENT_TARGET = 9.1;
				LD_RUNPATH_SEARCH_PATHS = "$(inherited) @executable_path/Frameworks";
				PRODUCT_BUNDLE_IDENTIFIER = SSI.sayso;
				PRODUCT_NAME = "$(TARGET_NAME)";
			};
			name = Debug;
		};
		132CCFFF1E268D68008F9E7A /* Release */ = {
			isa = XCBuildConfiguration;
			baseConfigurationReference = BD2BB45A196FB380C614DB0B /* Pods-sayso.release.xcconfig */;
			buildSettings = {
				ASSETCATALOG_COMPILER_APPICON_NAME = AppIcon;
				DEVELOPMENT_TEAM = 75AW5Y3K23;
				INFOPLIST_FILE = sayso/Info.plist;
				IPHONEOS_DEPLOYMENT_TARGET = 9.1;
				LD_RUNPATH_SEARCH_PATHS = "$(inherited) @executable_path/Frameworks";
				PRODUCT_BUNDLE_IDENTIFIER = SSI.sayso;
				PRODUCT_NAME = "$(TARGET_NAME)";
			};
			name = Release;
		};
		132CD0011E268D68008F9E7A /* Debug */ = {
			isa = XCBuildConfiguration;
			baseConfigurationReference = 4F6EF3FB809514756C05D9E5 /* Pods-saysoTests.debug.xcconfig */;
			buildSettings = {
				BUNDLE_LOADER = "$(TEST_HOST)";
				DEVELOPMENT_TEAM = 75AW5Y3K23;
				INFOPLIST_FILE = saysoTests/Info.plist;
				LD_RUNPATH_SEARCH_PATHS = "$(inherited) @executable_path/Frameworks @loader_path/Frameworks";
				PRODUCT_BUNDLE_IDENTIFIER = SSI.saysoTests;
				PRODUCT_NAME = "$(TARGET_NAME)";
				TEST_HOST = "$(BUILT_PRODUCTS_DIR)/sayso.app/sayso";
			};
			name = Debug;
		};
		132CD0021E268D68008F9E7A /* Release */ = {
			isa = XCBuildConfiguration;
			baseConfigurationReference = E5FEA97BAED33FFA5CA5945E /* Pods-saysoTests.release.xcconfig */;
			buildSettings = {
				BUNDLE_LOADER = "$(TEST_HOST)";
				DEVELOPMENT_TEAM = 75AW5Y3K23;
				INFOPLIST_FILE = saysoTests/Info.plist;
				LD_RUNPATH_SEARCH_PATHS = "$(inherited) @executable_path/Frameworks @loader_path/Frameworks";
				PRODUCT_BUNDLE_IDENTIFIER = SSI.saysoTests;
				PRODUCT_NAME = "$(TARGET_NAME)";
				TEST_HOST = "$(BUILT_PRODUCTS_DIR)/sayso.app/sayso";
			};
			name = Release;
		};
/* End XCBuildConfiguration section */

/* Begin XCConfigurationList section */
		132CCFD61E268D68008F9E7A /* Build configuration list for PBXProject "sayso" */ = {
			isa = XCConfigurationList;
			buildConfigurations = (
				132CCFFB1E268D68008F9E7A /* Debug */,
				132CCFFC1E268D68008F9E7A /* Release */,
			);
			defaultConfigurationIsVisible = 0;
			defaultConfigurationName = Release;
		};
		132CCFFD1E268D68008F9E7A /* Build configuration list for PBXNativeTarget "sayso" */ = {
			isa = XCConfigurationList;
			buildConfigurations = (
				132CCFFE1E268D68008F9E7A /* Debug */,
				132CCFFF1E268D68008F9E7A /* Release */,
			);
			defaultConfigurationIsVisible = 0;
			defaultConfigurationName = Release;
		};
		132CD0001E268D68008F9E7A /* Build configuration list for PBXNativeTarget "saysoTests" */ = {
			isa = XCConfigurationList;
			buildConfigurations = (
				132CD0011E268D68008F9E7A /* Debug */,
				132CD0021E268D68008F9E7A /* Release */,
			);
			defaultConfigurationIsVisible = 0;
			defaultConfigurationName = Release;
		};
/* End XCConfigurationList section */

/* Begin XCVersionGroup section */
		1316B6A21E36D18D00390A4C /* sayso.xcdatamodeld */ = {
			isa = XCVersionGroup;
			children = (
				1316B6A31E36D18D00390A4C /* sayso.xcdatamodel */,
			);
			currentVersion = 1316B6A31E36D18D00390A4C /* sayso.xcdatamodel */;
			path = sayso.xcdatamodeld;
			sourceTree = "<group>";
			versionGroupType = wrapper.xcdatamodel;
		};
/* End XCVersionGroup section */
	};
	rootObject = 132CCFD31E268D68008F9E7A /* Project object */;
}
